# THIS IS AN AUTOGENERATED FILE. DO NOT EDIT THIS FILE DIRECTLY.
# yarn lockfile v1


bostik@0.1.0:
  version "0.1.0"
  dependencies:
    "@next/font" "13.1.1"
    "@types/node" "18.11.18"
    "@types/react" "18.0.26"
    "@types/react-dom" "18.0.10"
    eslint "8.31.0"
    eslint-config-next "13.1.1"
    next "13.1.1"
    react "18.2.0"
    react-dom "18.2.0"
    typescript "4.9.4"

